
Microsoft Visual Studio Solution File, Format Version 12.00
# Visual Studio 14
VisualStudioVersion = 14.0.25420.1
MinimumVisualStudioVersion = 10.0.40219.1
Project("{FAE04EC0-301F-11D3-BF4B-00C04F79EFBC}") = "AngularCRUDDemo", "AngularCRUDDemo\AngularCRUDDemo.csproj", "{85815154-3E3D-4D7C-AFD9-C81E7B6E66E9}"
EndProject
Project("{FAE04EC0-301F-11D3-BF4B-00C04F79EFBC}") = "Common", "Common\Common.csproj", "{AC5EB4DE-221D-4457-9941-8EFCECE9B6AD}"
EndProject
Project("{FAE04EC0-301F-11D3-BF4B-00C04F79EFBC}") = "Repository", "Repository\Repository\Repository.csproj", "{9BB5054B-11E2-4E6E-B943-6B1B6E21B57E}"
EndProject
Project("{FAE04EC0-301F-11D3-BF4B-00C04F79EFBC}") = "Api", "Api\Api\Api.csproj", "{79AD4D92-5C6E-48FA-A4A8-464345E55D2B}"
EndProject
Project("{FAE04EC0-301F-11D3-BF4B-00C04F79EFBC}") = "ApiUT", "ApiUT\ApiUT\ApiUT.csproj", "{55041E36-2893-4255-945B-926CA45A6D4D}"
EndProject
Global
	GlobalSection(SolutionConfigurationPlatforms) = preSolution
		Debug|Any CPU = Debug|Any CPU
		Release|Any CPU = Release|Any CPU
	EndGlobalSection
	GlobalSection(ProjectConfigurationPlatforms) = postSolution
		{85815154-3E3D-4D7C-AFD9-C81E7B6E66E9}.Debug|Any CPU.ActiveCfg = Debug|Any CPU
		{85815154-3E3D-4D7C-AFD9-C81E7B6E66E9}.Debug|Any CPU.Build.0 = Debug|Any CPU
		{85815154-3E3D-4D7C-AFD9-C81E7B6E66E9}.Release|Any CPU.ActiveCfg = Release|Any CPU
		{85815154-3E3D-4D7C-AFD9-C81E7B6E66E9}.Release|Any CPU.Build.0 = Release|Any CPU
		{AC5EB4DE-221D-4457-9941-8EFCECE9B6AD}.Debug|Any CPU.ActiveCfg = Debug|Any CPU
		{AC5EB4DE-221D-4457-9941-8EFCECE9B6AD}.Debug|Any CPU.Build.0 = Debug|Any CPU
		{AC5EB4DE-221D-4457-9941-8EFCECE9B6AD}.Release|Any CPU.ActiveCfg = Release|Any CPU
		{AC5EB4DE-221D-4457-9941-8EFCECE9B6AD}.Release|Any CPU.Build.0 = Release|Any CPU
		{9BB5054B-11E2-4E6E-B943-6B1B6E21B57E}.Debug|Any CPU.ActiveCfg = Debug|Any CPU
		{9BB5054B-11E2-4E6E-B943-6B1B6E21B57E}.Debug|Any CPU.Build.0 = Debug|Any CPU
		{9BB5054B-11E2-4E6E-B943-6B1B6E21B57E}.Release|Any CPU.ActiveCfg = Release|Any CPU
		{9BB5054B-11E2-4E6E-B943-6B1B6E21B57E}.Release|Any CPU.Build.0 = Release|Any CPU
		{79AD4D92-5C6E-48FA-A4A8-464345E55D2B}.Debug|Any CPU.ActiveCfg = Debug|Any CPU
		{79AD4D92-5C6E-48FA-A4A8-464345E55D2B}.Debug|Any CPU.Build.0 = Debug|Any CPU
		{79AD4D92-5C6E-48FA-A4A8-464345E55D2B}.Release|Any CPU.ActiveCfg = Release|Any CPU
		{79AD4D92-5C6E-48FA-A4A8-464345E55D2B}.Release|Any CPU.Build.0 = Release|Any CPU
		{55041E36-2893-4255-945B-926CA45A6D4D}.Debug|Any CPU.ActiveCfg = Debug|Any CPU
		{55041E36-2893-4255-945B-926CA45A6D4D}.Debug|Any CPU.Build.0 = Debug|Any CPU
		{55041E36-2893-4255-945B-926CA45A6D4D}.Release|Any CPU.ActiveCfg = Release|Any CPU
		{55041E36-2893-4255-945B-926CA45A6D4D}.Release|Any CPU.Build.0 = Release|Any CPU
	EndGlobalSection
	GlobalSection(SolutionProperties) = preSolution
		HideSolutionNode = FALSE
	EndGlobalSection
EndGlobal
